
Microsoft Visual Studio Solution File, Format Version 12.00
# Visual Studio Version 16
VisualStudioVersion = 16.0.28803.156
MinimumVisualStudioVersion = 10.0.40219.1
Project("{9A19103F-16F7-4668-BE54-9A1E7A4F7556}") = "Ignite", "Ignite\Ignite.csproj", "{27053220-3E7E-4943-803D-0A3C55F91B9E}"
EndProject
Project("{9A19103F-16F7-4668-BE54-9A1E7A4F7556}") = "IgniteTest", "IgniteTest\IgniteTest.csproj", "{A7BA0DCB-D48C-4CE6-9B77-A18316536B35}"
EndProject
Project("{FAE04EC0-301F-11D3-BF4B-00C04F79EFBC}") = "IgniteUser", "IgniteUser\IgniteUser.csproj", "{05E5E51D-1C49-4EAC-A7A1-421CDD790B2B}"
EndProject
Global
	GlobalSection(SolutionConfigurationPlatforms) = preSolution
		Debug|Any CPU = Debug|Any CPU
		Release|Any CPU = Release|Any CPU
	EndGlobalSection
	GlobalSection(ProjectConfigurationPlatforms) = postSolution
		{27053220-3E7E-4943-803D-0A3C55F91B9E}.Debug|Any CPU.ActiveCfg = Debug|Any CPU
		{27053220-3E7E-4943-803D-0A3C55F91B9E}.Debug|Any CPU.Build.0 = Debug|Any CPU
		{27053220-3E7E-4943-803D-0A3C55F91B9E}.Release|Any CPU.ActiveCfg = Release|Any CPU
		{27053220-3E7E-4943-803D-0A3C55F91B9E}.Release|Any CPU.Build.0 = Release|Any CPU
		{A7BA0DCB-D48C-4CE6-9B77-A18316536B35}.Debug|Any CPU.ActiveCfg = Debug|Any CPU
		{A7BA0DCB-D48C-4CE6-9B77-A18316536B35}.Debug|Any CPU.Build.0 = Debug|Any CPU
		{A7BA0DCB-D48C-4CE6-9B77-A18316536B35}.Release|Any CPU.ActiveCfg = Release|Any CPU
		{A7BA0DCB-D48C-4CE6-9B77-A18316536B35}.Release|Any CPU.Build.0 = Release|Any CPU
		{05E5E51D-1C49-4EAC-A7A1-421CDD790B2B}.Debug|Any CPU.ActiveCfg = Debug|Any CPU
		{05E5E51D-1C49-4EAC-A7A1-421CDD790B2B}.Debug|Any CPU.Build.0 = Debug|Any CPU
		{05E5E51D-1C49-4EAC-A7A1-421CDD790B2B}.Release|Any CPU.ActiveCfg = Release|Any CPU
		{05E5E51D-1C49-4EAC-A7A1-421CDD790B2B}.Release|Any CPU.Build.0 = Release|Any CPU
	EndGlobalSection
	GlobalSection(SolutionProperties) = preSolution
		HideSolutionNode = FALSE
	EndGlobalSection
	GlobalSection(ExtensibilityGlobals) = postSolution
		SolutionGuid = {FABCE190-1DC6-4924-90EA-B6828B757E74}
	EndGlobalSection
EndGlobal
